// !$*UTF8*$!
{
	archiveVersion = 1;
	classes = {
	};
	objectVersion = 50;
	objects = {

/* Begin PBXBuildFile section */
		A76DA97126F537A000BCA2CA /* AppDelegate.swift in Sources */ = {isa = PBXBuildFile; fileRef = A76DA97026F537A000BCA2CA /* AppDelegate.swift */; };
		A76DA97326F537A000BCA2CA /* SceneDelegate.swift in Sources */ = {isa = PBXBuildFile; fileRef = A76DA97226F537A000BCA2CA /* SceneDelegate.swift */; };
		A76DA97526F537A000BCA2CA /* ViewController.swift in Sources */ = {isa = PBXBuildFile; fileRef = A76DA97426F537A000BCA2CA /* ViewController.swift */; };
		A76DA97826F537A000BCA2CA /* Main.storyboard in Resources */ = {isa = PBXBuildFile; fileRef = A76DA97626F537A000BCA2CA /* Main.storyboard */; };
		A76DA97B26F537A000BCA2CA /* GitDeneme.xcdatamodeld in Sources */ = {isa = PBXBuildFile; fileRef = A76DA97926F537A000BCA2CA /* GitDeneme.xcdatamodeld */; };
		A76DA97D26F537A100BCA2CA /* Assets.xcassets in Resources */ = {isa = PBXBuildFile; fileRef = A76DA97C26F537A100BCA2CA /* Assets.xcassets */; };
		A76DA98026F537A100BCA2CA /* LaunchScreen.storyboard in Resources */ = {isa = PBXBuildFile; fileRef = A76DA97E26F537A100BCA2CA /* LaunchScreen.storyboard */; };
		A76DA98B26F537A100BCA2CA /* GitDenemeTests.swift in Sources */ = {isa = PBXBuildFile; fileRef = A76DA98A26F537A100BCA2CA /* GitDenemeTests.swift */; };
		A76DA99626F537A100BCA2CA /* GitDenemeUITests.swift in Sources */ = {isa = PBXBuildFile; fileRef = A76DA99526F537A100BCA2CA /* GitDenemeUITests.swift */; };
		A7B524A026F5452C00E41736 /* Task1.swift in Sources */ = {isa = PBXBuildFile; fileRef = A7B5249F26F5452C00E41736 /* Task1.swift */; };
		A7B524A626F545E700E41736 /* Task3.swift in Sources */ = {isa = PBXBuildFile; fileRef = A7B524A526F545E700E41736 /* Task3.swift */; };
		A7B524A826F546BA00E41736 /* SampleView.swift in Sources */ = {isa = PBXBuildFile; fileRef = A7B524A726F546BA00E41736 /* SampleView.swift */; };
		A7B524A326F545A100E41736 /* Task2.swift in Sources */ = {isa = PBXBuildFile; fileRef = A7B524A226F545A100E41736 /* Task2.swift */; };
/* End PBXBuildFile section */

/* Begin PBXContainerItemProxy section */
		A76DA98726F537A100BCA2CA /* PBXContainerItemProxy */ = {
			isa = PBXContainerItemProxy;
			containerPortal = A76DA96526F537A000BCA2CA /* Project object */;
			proxyType = 1;
			remoteGlobalIDString = A76DA96C26F537A000BCA2CA;
			remoteInfo = GitDeneme;
		};
		A76DA99226F537A100BCA2CA /* PBXContainerItemProxy */ = {
			isa = PBXContainerItemProxy;
			containerPortal = A76DA96526F537A000BCA2CA /* Project object */;
			proxyType = 1;
			remoteGlobalIDString = A76DA96C26F537A000BCA2CA;
			remoteInfo = GitDeneme;
		};
/* End PBXContainerItemProxy section */

/* Begin PBXFileReference section */
		A76DA96D26F537A000BCA2CA /* GitDeneme.app */ = {isa = PBXFileReference; explicitFileType = wrapper.application; includeInIndex = 0; path = GitDeneme.app; sourceTree = BUILT_PRODUCTS_DIR; };
		A76DA97026F537A000BCA2CA /* AppDelegate.swift */ = {isa = PBXFileReference; lastKnownFileType = sourcecode.swift; path = AppDelegate.swift; sourceTree = "<group>"; };
		A76DA97226F537A000BCA2CA /* SceneDelegate.swift */ = {isa = PBXFileReference; lastKnownFileType = sourcecode.swift; path = SceneDelegate.swift; sourceTree = "<group>"; };
		A76DA97426F537A000BCA2CA /* ViewController.swift */ = {isa = PBXFileReference; lastKnownFileType = sourcecode.swift; path = ViewController.swift; sourceTree = "<group>"; };
		A76DA97726F537A000BCA2CA /* Base */ = {isa = PBXFileReference; lastKnownFileType = file.storyboard; name = Base; path = Base.lproj/Main.storyboard; sourceTree = "<group>"; };
		A76DA97A26F537A000BCA2CA /* GitDeneme.xcdatamodel */ = {isa = PBXFileReference; lastKnownFileType = wrapper.xcdatamodel; path = GitDeneme.xcdatamodel; sourceTree = "<group>"; };
		A76DA97C26F537A100BCA2CA /* Assets.xcassets */ = {isa = PBXFileReference; lastKnownFileType = folder.assetcatalog; path = Assets.xcassets; sourceTree = "<group>"; };
		A76DA97F26F537A100BCA2CA /* Base */ = {isa = PBXFileReference; lastKnownFileType = file.storyboard; name = Base; path = Base.lproj/LaunchScreen.storyboard; sourceTree = "<group>"; };
		A76DA98126F537A100BCA2CA /* Info.plist */ = {isa = PBXFileReference; lastKnownFileType = text.plist.xml; path = Info.plist; sourceTree = "<group>"; };
		A76DA98626F537A100BCA2CA /* GitDenemeTests.xctest */ = {isa = PBXFileReference; explicitFileType = wrapper.cfbundle; includeInIndex = 0; path = GitDenemeTests.xctest; sourceTree = BUILT_PRODUCTS_DIR; };
		A76DA98A26F537A100BCA2CA /* GitDenemeTests.swift */ = {isa = PBXFileReference; lastKnownFileType = sourcecode.swift; path = GitDenemeTests.swift; sourceTree = "<group>"; };
		A76DA98C26F537A100BCA2CA /* Info.plist */ = {isa = PBXFileReference; lastKnownFileType = text.plist.xml; path = Info.plist; sourceTree = "<group>"; };
		A76DA99126F537A100BCA2CA /* GitDenemeUITests.xctest */ = {isa = PBXFileReference; explicitFileType = wrapper.cfbundle; includeInIndex = 0; path = GitDenemeUITests.xctest; sourceTree = BUILT_PRODUCTS_DIR; };
		A76DA99526F537A100BCA2CA /* GitDenemeUITests.swift */ = {isa = PBXFileReference; lastKnownFileType = sourcecode.swift; path = GitDenemeUITests.swift; sourceTree = "<group>"; };
		A76DA99726F537A100BCA2CA /* Info.plist */ = {isa = PBXFileReference; lastKnownFileType = text.plist.xml; path = Info.plist; sourceTree = "<group>"; };
		A7B5249F26F5452C00E41736 /* Task1.swift */ = {isa = PBXFileReference; lastKnownFileType = sourcecode.swift; path = Task1.swift; sourceTree = "<group>"; };
		A7B524A526F545E700E41736 /* Task3.swift */ = {isa = PBXFileReference; lastKnownFileType = sourcecode.swift; path = Task3.swift; sourceTree = "<group>"; };
		A7B524A726F546BA00E41736 /* SampleView.swift */ = {isa = PBXFileReference; lastKnownFileType = sourcecode.swift; path = SampleView.swift; sourceTree = "<group>"; };
		A7B524A226F545A100E41736 /* Task2.swift */ = {isa = PBXFileReference; lastKnownFileType = sourcecode.swift; path = Task2.swift; sourceTree = "<group>"; };
/* End PBXFileReference section */

/* Begin PBXFrameworksBuildPhase section */
		A76DA96A26F537A000BCA2CA /* Frameworks */ = {
			isa = PBXFrameworksBuildPhase;
			buildActionMask = 2147483647;
			files = (
			);
			runOnlyForDeploymentPostprocessing = 0;
		};
		A76DA98326F537A100BCA2CA /* Frameworks */ = {
			isa = PBXFrameworksBuildPhase;
			buildActionMask = 2147483647;
			files = (
			);
			runOnlyForDeploymentPostprocessing = 0;
		};
		A76DA98E26F537A100BCA2CA /* Frameworks */ = {
			isa = PBXFrameworksBuildPhase;
			buildActionMask = 2147483647;
			files = (
			);
			runOnlyForDeploymentPostprocessing = 0;
		};
/* End PBXFrameworksBuildPhase section */

/* Begin PBXGroup section */
		A76DA96426F537A000BCA2CA = {
			isa = PBXGroup;
			children = (
				A76DA96F26F537A000BCA2CA /* GitDeneme */,
				A76DA98926F537A100BCA2CA /* GitDenemeTests */,
				A76DA99426F537A100BCA2CA /* GitDenemeUITests */,
				A76DA96E26F537A000BCA2CA /* Products */,
			);
			sourceTree = "<group>";
		};
		A76DA96E26F537A000BCA2CA /* Products */ = {
			isa = PBXGroup;
			children = (
				A76DA96D26F537A000BCA2CA /* GitDeneme.app */,
				A76DA98626F537A100BCA2CA /* GitDenemeTests.xctest */,
				A76DA99126F537A100BCA2CA /* GitDenemeUITests.xctest */,
			);
			name = Products;
			sourceTree = "<group>";
		};
		A76DA96F26F537A000BCA2CA /* GitDeneme */ = {
			isa = PBXGroup;
			children = (
				A7B524A426F545DD00E41736 /* Task3 */,
				A7B524A126F5459B00E41736 /* Task2 */,
				A7B5249E26F5452400E41736 /* Task1 */,
				A76DA97026F537A000BCA2CA /* AppDelegate.swift */,
				A76DA97226F537A000BCA2CA /* SceneDelegate.swift */,
				A76DA97426F537A000BCA2CA /* ViewController.swift */,
				A76DA97626F537A000BCA2CA /* Main.storyboard */,
				A76DA97C26F537A100BCA2CA /* Assets.xcassets */,
				A76DA97E26F537A100BCA2CA /* LaunchScreen.storyboard */,
				A76DA98126F537A100BCA2CA /* Info.plist */,
				A76DA97926F537A000BCA2CA /* GitDeneme.xcdatamodeld */,
			);
			path = GitDeneme;
			sourceTree = "<group>";
		};
		A76DA98926F537A100BCA2CA /* GitDenemeTests */ = {
			isa = PBXGroup;
			children = (
				A76DA98A26F537A100BCA2CA /* GitDenemeTests.swift */,
				A76DA98C26F537A100BCA2CA /* Info.plist */,
			);
			path = GitDenemeTests;
			sourceTree = "<group>";
		};
		A76DA99426F537A100BCA2CA /* GitDenemeUITests */ = {
			isa = PBXGroup;
			children = (
				A76DA99526F537A100BCA2CA /* GitDenemeUITests.swift */,
				A76DA99726F537A100BCA2CA /* Info.plist */,
			);
			path = GitDenemeUITests;
			sourceTree = "<group>";
		};
		A7B5249E26F5452400E41736 /* Task1 */ = {
			isa = PBXGroup;
			children = (
				A7B5249F26F5452C00E41736 /* Task1.swift */,
			);
			path = Task1;
			sourceTree = "<group>";
		};
		A7B524A426F545DD00E41736 /* Task3 */ = {
			isa = PBXGroup;
			children = (
				A7B524A526F545E700E41736 /* Task3.swift */,
				A7B524A726F546BA00E41736 /* SampleView.swift */,
			);
			path = Task3;
            sourceTree = "<group>";
        };
		A7B524A126F5459B00E41736 /* Task2 */ = {
			isa = PBXGroup;
			children = (
				A7B524A226F545A100E41736 /* Task2.swift */,
			);
			path = Task2;
			sourceTree = "<group>";
		};
/* End PBXGroup section */

/* Begin PBXNativeTarget section */
		A76DA96C26F537A000BCA2CA /* GitDeneme */ = {
			isa = PBXNativeTarget;
			buildConfigurationList = A76DA99A26F537A100BCA2CA /* Build configuration list for PBXNativeTarget "GitDeneme" */;
			buildPhases = (
				A76DA96926F537A000BCA2CA /* Sources */,
				A76DA96A26F537A000BCA2CA /* Frameworks */,
				A76DA96B26F537A000BCA2CA /* Resources */,
			);
			buildRules = (
			);
			dependencies = (
			);
			name = GitDeneme;
			productName = GitDeneme;
			productReference = A76DA96D26F537A000BCA2CA /* GitDeneme.app */;
			productType = "com.apple.product-type.application";
		};
		A76DA98526F537A100BCA2CA /* GitDenemeTests */ = {
			isa = PBXNativeTarget;
			buildConfigurationList = A76DA99D26F537A100BCA2CA /* Build configuration list for PBXNativeTarget "GitDenemeTests" */;
			buildPhases = (
				A76DA98226F537A100BCA2CA /* Sources */,
				A76DA98326F537A100BCA2CA /* Frameworks */,
				A76DA98426F537A100BCA2CA /* Resources */,
			);
			buildRules = (
			);
			dependencies = (
				A76DA98826F537A100BCA2CA /* PBXTargetDependency */,
			);
			name = GitDenemeTests;
			productName = GitDenemeTests;
			productReference = A76DA98626F537A100BCA2CA /* GitDenemeTests.xctest */;
			productType = "com.apple.product-type.bundle.unit-test";
		};
		A76DA99026F537A100BCA2CA /* GitDenemeUITests */ = {
			isa = PBXNativeTarget;
			buildConfigurationList = A76DA9A026F537A100BCA2CA /* Build configuration list for PBXNativeTarget "GitDenemeUITests" */;
			buildPhases = (
				A76DA98D26F537A100BCA2CA /* Sources */,
				A76DA98E26F537A100BCA2CA /* Frameworks */,
				A76DA98F26F537A100BCA2CA /* Resources */,
			);
			buildRules = (
			);
			dependencies = (
				A76DA99326F537A100BCA2CA /* PBXTargetDependency */,
			);
			name = GitDenemeUITests;
			productName = GitDenemeUITests;
			productReference = A76DA99126F537A100BCA2CA /* GitDenemeUITests.xctest */;
			productType = "com.apple.product-type.bundle.ui-testing";
		};
/* End PBXNativeTarget section */

/* Begin PBXProject section */
		A76DA96526F537A000BCA2CA /* Project object */ = {
			isa = PBXProject;
			attributes = {
				LastSwiftUpdateCheck = 1250;
				LastUpgradeCheck = 1250;
				TargetAttributes = {
					A76DA96C26F537A000BCA2CA = {
						CreatedOnToolsVersion = 12.5.1;
					};
					A76DA98526F537A100BCA2CA = {
						CreatedOnToolsVersion = 12.5.1;
						TestTargetID = A76DA96C26F537A000BCA2CA;
					};
					A76DA99026F537A100BCA2CA = {
						CreatedOnToolsVersion = 12.5.1;
						TestTargetID = A76DA96C26F537A000BCA2CA;
					};
				};
			};
			buildConfigurationList = A76DA96826F537A000BCA2CA /* Build configuration list for PBXProject "GitDeneme" */;
			compatibilityVersion = "Xcode 9.3";
			developmentRegion = en;
			hasScannedForEncodings = 0;
			knownRegions = (
				en,
				Base,
			);
			mainGroup = A76DA96426F537A000BCA2CA;
			productRefGroup = A76DA96E26F537A000BCA2CA /* Products */;
			projectDirPath = "";
			projectRoot = "";
			targets = (
				A76DA96C26F537A000BCA2CA /* GitDeneme */,
				A76DA98526F537A100BCA2CA /* GitDenemeTests */,
				A76DA99026F537A100BCA2CA /* GitDenemeUITests */,
			);
		};
/* End PBXProject section */

/* Begin PBXResourcesBuildPhase section */
		A76DA96B26F537A000BCA2CA /* Resources */ = {
			isa = PBXResourcesBuildPhase;
			buildActionMask = 2147483647;
			files = (
				A76DA98026F537A100BCA2CA /* LaunchScreen.storyboard in Resources */,
				A76DA97D26F537A100BCA2CA /* Assets.xcassets in Resources */,
				A76DA97826F537A000BCA2CA /* Main.storyboard in Resources */,
			);
			runOnlyForDeploymentPostprocessing = 0;
		};
		A76DA98426F537A100BCA2CA /* Resources */ = {
			isa = PBXResourcesBuildPhase;
			buildActionMask = 2147483647;
			files = (
			);
			runOnlyForDeploymentPostprocessing = 0;
		};
		A76DA98F26F537A100BCA2CA /* Resources */ = {
			isa = PBXResourcesBuildPhase;
			buildActionMask = 2147483647;
			files = (
			);
			runOnlyForDeploymentPostprocessing = 0;
		};
/* End PBXResourcesBuildPhase section */

/* Begin PBXSourcesBuildPhase section */
		A76DA96926F537A000BCA2CA /* Sources */ = {
			isa = PBXSourcesBuildPhase;
			buildActionMask = 2147483647;
			files = (
				A7B524A626F545E700E41736 /* Task3.swift in Sources */,
				A76DA97B26F537A000BCA2CA /* GitDeneme.xcdatamodeld in Sources */,
				A7B524A826F546BA00E41736 /* SampleView.swift in Sources */,
				A76DA97526F537A000BCA2CA /* ViewController.swift in Sources */,
				A76DA97126F537A000BCA2CA /* AppDelegate.swift in Sources */,
				A7B524A326F545A100E41736 /* Task2.swift in Sources */,
				A76DA97326F537A000BCA2CA /* SceneDelegate.swift in Sources */,
				A7B524A026F5452C00E41736 /* Task1.swift in Sources */,
			);
			runOnlyForDeploymentPostprocessing = 0;
		};
		A76DA98226F537A100BCA2CA /* Sources */ = {
			isa = PBXSourcesBuildPhase;
			buildActionMask = 2147483647;
			files = (
				A76DA98B26F537A100BCA2CA /* GitDenemeTests.swift in Sources */,
			);
			runOnlyForDeploymentPostprocessing = 0;
		};
		A76DA98D26F537A100BCA2CA /* Sources */ = {
			isa = PBXSourcesBuildPhase;
			buildActionMask = 2147483647;
			files = (
				A76DA99626F537A100BCA2CA /* GitDenemeUITests.swift in Sources */,
			);
			runOnlyForDeploymentPostprocessing = 0;
		};
/* End PBXSourcesBuildPhase section */

/* Begin PBXTargetDependency section */
		A76DA98826F537A100BCA2CA /* PBXTargetDependency */ = {
			isa = PBXTargetDependency;
			target = A76DA96C26F537A000BCA2CA /* GitDeneme */;
			targetProxy = A76DA98726F537A100BCA2CA /* PBXContainerItemProxy */;
		};
		A76DA99326F537A100BCA2CA /* PBXTargetDependency */ = {
			isa = PBXTargetDependency;
			target = A76DA96C26F537A000BCA2CA /* GitDeneme */;
			targetProxy = A76DA99226F537A100BCA2CA /* PBXContainerItemProxy */;
		};
/* End PBXTargetDependency section */

/* Begin PBXVariantGroup section */
		A76DA97626F537A000BCA2CA /* Main.storyboard */ = {
			isa = PBXVariantGroup;
			children = (
				A76DA97726F537A000BCA2CA /* Base */,
			);
			name = Main.storyboard;
			sourceTree = "<group>";
		};
		A76DA97E26F537A100BCA2CA /* LaunchScreen.storyboard */ = {
			isa = PBXVariantGroup;
			children = (
				A76DA97F26F537A100BCA2CA /* Base */,
			);
			name = LaunchScreen.storyboard;
			sourceTree = "<group>";
		};
/* End PBXVariantGroup section */

/* Begin XCBuildConfiguration section */
		A76DA99826F537A100BCA2CA /* Debug */ = {
			isa = XCBuildConfiguration;
			buildSettings = {
				ALWAYS_SEARCH_USER_PATHS = NO;
				CLANG_ANALYZER_NONNULL = YES;
				CLANG_ANALYZER_NUMBER_OBJECT_CONVERSION = YES_AGGRESSIVE;
				CLANG_CXX_LANGUAGE_STANDARD = "gnu++14";
				CLANG_CXX_LIBRARY = "libc++";
				CLANG_ENABLE_MODULES = YES;
				CLANG_ENABLE_OBJC_ARC = YES;
				CLANG_ENABLE_OBJC_WEAK = YES;
				CLANG_WARN_BLOCK_CAPTURE_AUTORELEASING = YES;
				CLANG_WARN_BOOL_CONVERSION = YES;
				CLANG_WARN_COMMA = YES;
				CLANG_WARN_CONSTANT_CONVERSION = YES;
				CLANG_WARN_DEPRECATED_OBJC_IMPLEMENTATIONS = YES;
				CLANG_WARN_DIRECT_OBJC_ISA_USAGE = YES_ERROR;
				CLANG_WARN_DOCUMENTATION_COMMENTS = YES;
				CLANG_WARN_EMPTY_BODY = YES;
				CLANG_WARN_ENUM_CONVERSION = YES;
				CLANG_WARN_INFINITE_RECURSION = YES;
				CLANG_WARN_INT_CONVERSION = YES;
				CLANG_WARN_NON_LITERAL_NULL_CONVERSION = YES;
				CLANG_WARN_OBJC_IMPLICIT_RETAIN_SELF = YES;
				CLANG_WARN_OBJC_LITERAL_CONVERSION = YES;
				CLANG_WARN_OBJC_ROOT_CLASS = YES_ERROR;
				CLANG_WARN_QUOTED_INCLUDE_IN_FRAMEWORK_HEADER = YES;
				CLANG_WARN_RANGE_LOOP_ANALYSIS = YES;
				CLANG_WARN_STRICT_PROTOTYPES = YES;
				CLANG_WARN_SUSPICIOUS_MOVE = YES;
				CLANG_WARN_UNGUARDED_AVAILABILITY = YES_AGGRESSIVE;
				CLANG_WARN_UNREACHABLE_CODE = YES;
				CLANG_WARN__DUPLICATE_METHOD_MATCH = YES;
				COPY_PHASE_STRIP = NO;
				DEBUG_INFORMATION_FORMAT = dwarf;
				ENABLE_STRICT_OBJC_MSGSEND = YES;
				ENABLE_TESTABILITY = YES;
				GCC_C_LANGUAGE_STANDARD = gnu11;
				GCC_DYNAMIC_NO_PIC = NO;
				GCC_NO_COMMON_BLOCKS = YES;
				GCC_OPTIMIZATION_LEVEL = 0;
				GCC_PREPROCESSOR_DEFINITIONS = (
					"DEBUG=1",
					"$(inherited)",
				);
				GCC_WARN_64_TO_32_BIT_CONVERSION = YES;
				GCC_WARN_ABOUT_RETURN_TYPE = YES_ERROR;
				GCC_WARN_UNDECLARED_SELECTOR = YES;
				GCC_WARN_UNINITIALIZED_AUTOS = YES_AGGRESSIVE;
				GCC_WARN_UNUSED_FUNCTION = YES;
				GCC_WARN_UNUSED_VARIABLE = YES;
				IPHONEOS_DEPLOYMENT_TARGET = 14.5;
				MTL_ENABLE_DEBUG_INFO = INCLUDE_SOURCE;
				MTL_FAST_MATH = YES;
				ONLY_ACTIVE_ARCH = YES;
				SDKROOT = iphoneos;
				SWIFT_ACTIVE_COMPILATION_CONDITIONS = DEBUG;
				SWIFT_OPTIMIZATION_LEVEL = "-Onone";
			};
			name = Debug;
		};
		A76DA99926F537A100BCA2CA /* Release */ = {
			isa = XCBuildConfiguration;
			buildSettings = {
				ALWAYS_SEARCH_USER_PATHS = NO;
				CLANG_ANALYZER_NONNULL = YES;
				CLANG_ANALYZER_NUMBER_OBJECT_CONVERSION = YES_AGGRESSIVE;
				CLANG_CXX_LANGUAGE_STANDARD = "gnu++14";
				CLANG_CXX_LIBRARY = "libc++";
				CLANG_ENABLE_MODULES = YES;
				CLANG_ENABLE_OBJC_ARC = YES;
				CLANG_ENABLE_OBJC_WEAK = YES;
				CLANG_WARN_BLOCK_CAPTURE_AUTORELEASING = YES;
				CLANG_WARN_BOOL_CONVERSION = YES;
				CLANG_WARN_COMMA = YES;
				CLANG_WARN_CONSTANT_CONVERSION = YES;
				CLANG_WARN_DEPRECATED_OBJC_IMPLEMENTATIONS = YES;
				CLANG_WARN_DIRECT_OBJC_ISA_USAGE = YES_ERROR;
				CLANG_WARN_DOCUMENTATION_COMMENTS = YES;
				CLANG_WARN_EMPTY_BODY = YES;
				CLANG_WARN_ENUM_CONVERSION = YES;
				CLANG_WARN_INFINITE_RECURSION = YES;
				CLANG_WARN_INT_CONVERSION = YES;
				CLANG_WARN_NON_LITERAL_NULL_CONVERSION = YES;
				CLANG_WARN_OBJC_IMPLICIT_RETAIN_SELF = YES;
				CLANG_WARN_OBJC_LITERAL_CONVERSION = YES;
				CLANG_WARN_OBJC_ROOT_CLASS = YES_ERROR;
				CLANG_WARN_QUOTED_INCLUDE_IN_FRAMEWORK_HEADER = YES;
				CLANG_WARN_RANGE_LOOP_ANALYSIS = YES;
				CLANG_WARN_STRICT_PROTOTYPES = YES;
				CLANG_WARN_SUSPICIOUS_MOVE = YES;
				CLANG_WARN_UNGUARDED_AVAILABILITY = YES_AGGRESSIVE;
				CLANG_WARN_UNREACHABLE_CODE = YES;
				CLANG_WARN__DUPLICATE_METHOD_MATCH = YES;
				COPY_PHASE_STRIP = NO;
				DEBUG_INFORMATION_FORMAT = "dwarf-with-dsym";
				ENABLE_NS_ASSERTIONS = NO;
				ENABLE_STRICT_OBJC_MSGSEND = YES;
				GCC_C_LANGUAGE_STANDARD = gnu11;
				GCC_NO_COMMON_BLOCKS = YES;
				GCC_WARN_64_TO_32_BIT_CONVERSION = YES;
				GCC_WARN_ABOUT_RETURN_TYPE = YES_ERROR;
				GCC_WARN_UNDECLARED_SELECTOR = YES;
				GCC_WARN_UNINITIALIZED_AUTOS = YES_AGGRESSIVE;
				GCC_WARN_UNUSED_FUNCTION = YES;
				GCC_WARN_UNUSED_VARIABLE = YES;
				IPHONEOS_DEPLOYMENT_TARGET = 14.5;
				MTL_ENABLE_DEBUG_INFO = NO;
				MTL_FAST_MATH = YES;
				SDKROOT = iphoneos;
				SWIFT_COMPILATION_MODE = wholemodule;
				SWIFT_OPTIMIZATION_LEVEL = "-O";
				VALIDATE_PRODUCT = YES;
			};
			name = Release;
		};
		A76DA99B26F537A100BCA2CA /* Debug */ = {
			isa = XCBuildConfiguration;
			buildSettings = {
				ASSETCATALOG_COMPILER_APPICON_NAME = AppIcon;
				ASSETCATALOG_COMPILER_GLOBAL_ACCENT_COLOR_NAME = AccentColor;
				CODE_SIGN_STYLE = Automatic;
				DEVELOPMENT_TEAM = ZVL2SV8VV7;
				INFOPLIST_FILE = GitDeneme/Info.plist;
				LD_RUNPATH_SEARCH_PATHS = (
					"$(inherited)",
					"@executable_path/Frameworks",
				);
				PRODUCT_BUNDLE_IDENTIFIER = tukre.GitDeneme;
				PRODUCT_NAME = "$(TARGET_NAME)";
				SWIFT_VERSION = 5.0;
				TARGETED_DEVICE_FAMILY = "1,2";
			};
			name = Debug;
		};
		A76DA99C26F537A100BCA2CA /* Release */ = {
			isa = XCBuildConfiguration;
			buildSettings = {
				ASSETCATALOG_COMPILER_APPICON_NAME = AppIcon;
				ASSETCATALOG_COMPILER_GLOBAL_ACCENT_COLOR_NAME = AccentColor;
				CODE_SIGN_STYLE = Automatic;
				DEVELOPMENT_TEAM = ZVL2SV8VV7;
				INFOPLIST_FILE = GitDeneme/Info.plist;
				LD_RUNPATH_SEARCH_PATHS = (
					"$(inherited)",
					"@executable_path/Frameworks",
				);
				PRODUCT_BUNDLE_IDENTIFIER = tukre.GitDeneme;
				PRODUCT_NAME = "$(TARGET_NAME)";
				SWIFT_VERSION = 5.0;
				TARGETED_DEVICE_FAMILY = "1,2";
			};
			name = Release;
		};
		A76DA99E26F537A100BCA2CA /* Debug */ = {
			isa = XCBuildConfiguration;
			buildSettings = {
				ALWAYS_EMBED_SWIFT_STANDARD_LIBRARIES = YES;
				BUNDLE_LOADER = "$(TEST_HOST)";
				CODE_SIGN_STYLE = Automatic;
				DEVELOPMENT_TEAM = ZVL2SV8VV7;
				INFOPLIST_FILE = GitDenemeTests/Info.plist;
				IPHONEOS_DEPLOYMENT_TARGET = 14.5;
				LD_RUNPATH_SEARCH_PATHS = (
					"$(inherited)",
					"@executable_path/Frameworks",
					"@loader_path/Frameworks",
				);
				PRODUCT_BUNDLE_IDENTIFIER = tukre.GitDenemeTests;
				PRODUCT_NAME = "$(TARGET_NAME)";
				SWIFT_VERSION = 5.0;
				TARGETED_DEVICE_FAMILY = "1,2";
				TEST_HOST = "$(BUILT_PRODUCTS_DIR)/GitDeneme.app/GitDeneme";
			};
			name = Debug;
		};
		A76DA99F26F537A100BCA2CA /* Release */ = {
			isa = XCBuildConfiguration;
			buildSettings = {
				ALWAYS_EMBED_SWIFT_STANDARD_LIBRARIES = YES;
				BUNDLE_LOADER = "$(TEST_HOST)";
				CODE_SIGN_STYLE = Automatic;
				DEVELOPMENT_TEAM = ZVL2SV8VV7;
				INFOPLIST_FILE = GitDenemeTests/Info.plist;
				IPHONEOS_DEPLOYMENT_TARGET = 14.5;
				LD_RUNPATH_SEARCH_PATHS = (
					"$(inherited)",
					"@executable_path/Frameworks",
					"@loader_path/Frameworks",
				);
				PRODUCT_BUNDLE_IDENTIFIER = tukre.GitDenemeTests;
				PRODUCT_NAME = "$(TARGET_NAME)";
				SWIFT_VERSION = 5.0;
				TARGETED_DEVICE_FAMILY = "1,2";
				TEST_HOST = "$(BUILT_PRODUCTS_DIR)/GitDeneme.app/GitDeneme";
			};
			name = Release;
		};
		A76DA9A126F537A100BCA2CA /* Debug */ = {
			isa = XCBuildConfiguration;
			buildSettings = {
				ALWAYS_EMBED_SWIFT_STANDARD_LIBRARIES = YES;
				CODE_SIGN_STYLE = Automatic;
				DEVELOPMENT_TEAM = ZVL2SV8VV7;
				INFOPLIST_FILE = GitDenemeUITests/Info.plist;
				LD_RUNPATH_SEARCH_PATHS = (
					"$(inherited)",
					"@executable_path/Frameworks",
					"@loader_path/Frameworks",
				);
				PRODUCT_BUNDLE_IDENTIFIER = tukre.GitDenemeUITests;
				PRODUCT_NAME = "$(TARGET_NAME)";
				SWIFT_VERSION = 5.0;
				TARGETED_DEVICE_FAMILY = "1,2";
				TEST_TARGET_NAME = GitDeneme;
			};
			name = Debug;
		};
		A76DA9A226F537A100BCA2CA /* Release */ = {
			isa = XCBuildConfiguration;
			buildSettings = {
				ALWAYS_EMBED_SWIFT_STANDARD_LIBRARIES = YES;
				CODE_SIGN_STYLE = Automatic;
				DEVELOPMENT_TEAM = ZVL2SV8VV7;
				INFOPLIST_FILE = GitDenemeUITests/Info.plist;
				LD_RUNPATH_SEARCH_PATHS = (
					"$(inherited)",
					"@executable_path/Frameworks",
					"@loader_path/Frameworks",
				);
				PRODUCT_BUNDLE_IDENTIFIER = tukre.GitDenemeUITests;
				PRODUCT_NAME = "$(TARGET_NAME)";
				SWIFT_VERSION = 5.0;
				TARGETED_DEVICE_FAMILY = "1,2";
				TEST_TARGET_NAME = GitDeneme;
			};
			name = Release;
		};
/* End XCBuildConfiguration section */

/* Begin XCConfigurationList section */
		A76DA96826F537A000BCA2CA /* Build configuration list for PBXProject "GitDeneme" */ = {
			isa = XCConfigurationList;
			buildConfigurations = (
				A76DA99826F537A100BCA2CA /* Debug */,
				A76DA99926F537A100BCA2CA /* Release */,
			);
			defaultConfigurationIsVisible = 0;
			defaultConfigurationName = Release;
		};
		A76DA99A26F537A100BCA2CA /* Build configuration list for PBXNativeTarget "GitDeneme" */ = {
			isa = XCConfigurationList;
			buildConfigurations = (
				A76DA99B26F537A100BCA2CA /* Debug */,
				A76DA99C26F537A100BCA2CA /* Release */,
			);
			defaultConfigurationIsVisible = 0;
			defaultConfigurationName = Release;
		};
		A76DA99D26F537A100BCA2CA /* Build configuration list for PBXNativeTarget "GitDenemeTests" */ = {
			isa = XCConfigurationList;
			buildConfigurations = (
				A76DA99E26F537A100BCA2CA /* Debug */,
				A76DA99F26F537A100BCA2CA /* Release */,
			);
			defaultConfigurationIsVisible = 0;
			defaultConfigurationName = Release;
		};
		A76DA9A026F537A100BCA2CA /* Build configuration list for PBXNativeTarget "GitDenemeUITests" */ = {
			isa = XCConfigurationList;
			buildConfigurations = (
				A76DA9A126F537A100BCA2CA /* Debug */,
				A76DA9A226F537A100BCA2CA /* Release */,
			);
			defaultConfigurationIsVisible = 0;
			defaultConfigurationName = Release;
		};
/* End XCConfigurationList section */

/* Begin XCVersionGroup section */
		A76DA97926F537A000BCA2CA /* GitDeneme.xcdatamodeld */ = {
			isa = XCVersionGroup;
			children = (
				A76DA97A26F537A000BCA2CA /* GitDeneme.xcdatamodel */,
			);
			currentVersion = A76DA97A26F537A000BCA2CA /* GitDeneme.xcdatamodel */;
			path = GitDeneme.xcdatamodeld;
			sourceTree = "<group>";
			versionGroupType = wrapper.xcdatamodel;
		};
/* End XCVersionGroup section */
	};
	rootObject = A76DA96526F537A000BCA2CA /* Project object */;
}
